
Microsoft Visual Studio Solution File, Format Version 12.00
# Visual Studio Version 16
VisualStudioVersion = 16.0.31321.278
MinimumVisualStudioVersion = 10.0.40219.1
Project("{9A19103F-16F7-4668-BE54-9A1E7A4F7556}") = "DesafioSoftplan.Api", "DesafioSoftplan\DesafioSoftplan.Api.csproj", "{ABD7D17D-129A-4418-ADE9-89B62ADDD8B7}"
EndProject
Project("{9A19103F-16F7-4668-BE54-9A1E7A4F7556}") = "DesafioSoftplan.Services", "DesafioSoftplan.Domain\DesafioSoftplan.Services.csproj", "{89595496-1FA4-4BCC-A866-3B1617C66FAD}"
EndProject
Project("{9A19103F-16F7-4668-BE54-9A1E7A4F7556}") = "DesfafioSoftPlan.Tests", "DesfafioSoftPlan.Tests\DesfafioSoftPlan.Tests.csproj", "{B306DF93-3BEE-4741-979F-E07CC5281873}"
EndProject
Global
	GlobalSection(SolutionConfigurationPlatforms) = preSolution
		Debug|Any CPU = Debug|Any CPU
		Release|Any CPU = Release|Any CPU
	EndGlobalSection
	GlobalSection(ProjectConfigurationPlatforms) = postSolution
		{ABD7D17D-129A-4418-ADE9-89B62ADDD8B7}.Debug|Any CPU.ActiveCfg = Debug|Any CPU
		{ABD7D17D-129A-4418-ADE9-89B62ADDD8B7}.Debug|Any CPU.Build.0 = Debug|Any CPU
		{ABD7D17D-129A-4418-ADE9-89B62ADDD8B7}.Release|Any CPU.ActiveCfg = Release|Any CPU
		{ABD7D17D-129A-4418-ADE9-89B62ADDD8B7}.Release|Any CPU.Build.0 = Release|Any CPU
		{89595496-1FA4-4BCC-A866-3B1617C66FAD}.Debug|Any CPU.ActiveCfg = Debug|Any CPU
		{89595496-1FA4-4BCC-A866-3B1617C66FAD}.Debug|Any CPU.Build.0 = Debug|Any CPU
		{89595496-1FA4-4BCC-A866-3B1617C66FAD}.Release|Any CPU.ActiveCfg = Release|Any CPU
		{89595496-1FA4-4BCC-A866-3B1617C66FAD}.Release|Any CPU.Build.0 = Release|Any CPU
		{B306DF93-3BEE-4741-979F-E07CC5281873}.Debug|Any CPU.ActiveCfg = Debug|Any CPU
		{B306DF93-3BEE-4741-979F-E07CC5281873}.Debug|Any CPU.Build.0 = Debug|Any CPU
		{B306DF93-3BEE-4741-979F-E07CC5281873}.Release|Any CPU.ActiveCfg = Release|Any CPU
		{B306DF93-3BEE-4741-979F-E07CC5281873}.Release|Any CPU.Build.0 = Release|Any CPU
	EndGlobalSection
	GlobalSection(SolutionProperties) = preSolution
		HideSolutionNode = FALSE
	EndGlobalSection
	GlobalSection(ExtensibilityGlobals) = postSolution
		SolutionGuid = {1B625F8E-582A-4D63-9E4E-49E00531E01C}
	EndGlobalSection
EndGlobal
